
Microsoft Visual Studio Solution File, Format Version 12.00
# Visual Studio Version 16
VisualStudioVersion = 16.0.30204.135
MinimumVisualStudioVersion = 15.0.26124.0
Project("{2150E333-8FDC-42A3-9474-1A3956D46DE8}") = "src", "src", "{08292D65-3BED-49B6-88D8-F1E3F3197A1B}"
EndProject
Project("{2150E333-8FDC-42A3-9474-1A3956D46DE8}") = "test", "test", "{F80F8D8D-15FC-436B-9804-20BCB0ECA3EB}"
EndProject
Project("{9A19103F-16F7-4668-BE54-9A1E7A4F7556}") = "AutoSort.Example", "src\AutoSort.Example\AutoSort.Example.csproj", "{13ED8240-AF99-4A5F-A917-1FF025406997}"
EndProject
Project("{9A19103F-16F7-4668-BE54-9A1E7A4F7556}") = "AutoSort.NetCore", "src\AutoSort.NetCore\AutoSort.NetCore.csproj", "{EB294678-B1FE-41A9-B8B7-3E43AB67373A}"
EndProject
Project("{9A19103F-16F7-4668-BE54-9A1E7A4F7556}") = "AutoSort.NetCore.Test", "test\AutoSort.NetCore.Test.csproj", "{9786D450-CE83-47BF-BD45-D75BE69C195A}"
EndProject
Global
	GlobalSection(SolutionConfigurationPlatforms) = preSolution
		Debug|Any CPU = Debug|Any CPU
		Debug|x64 = Debug|x64
		Debug|x86 = Debug|x86
		Release|Any CPU = Release|Any CPU
		Release|x64 = Release|x64
		Release|x86 = Release|x86
	EndGlobalSection
	GlobalSection(ProjectConfigurationPlatforms) = postSolution
		{13ED8240-AF99-4A5F-A917-1FF025406997}.Debug|Any CPU.ActiveCfg = Debug|Any CPU
		{13ED8240-AF99-4A5F-A917-1FF025406997}.Debug|Any CPU.Build.0 = Debug|Any CPU
		{13ED8240-AF99-4A5F-A917-1FF025406997}.Debug|x64.ActiveCfg = Debug|Any CPU
		{13ED8240-AF99-4A5F-A917-1FF025406997}.Debug|x64.Build.0 = Debug|Any CPU
		{13ED8240-AF99-4A5F-A917-1FF025406997}.Debug|x86.ActiveCfg = Debug|Any CPU
		{13ED8240-AF99-4A5F-A917-1FF025406997}.Debug|x86.Build.0 = Debug|Any CPU
		{13ED8240-AF99-4A5F-A917-1FF025406997}.Release|Any CPU.ActiveCfg = Release|Any CPU
		{13ED8240-AF99-4A5F-A917-1FF025406997}.Release|Any CPU.Build.0 = Release|Any CPU
		{13ED8240-AF99-4A5F-A917-1FF025406997}.Release|x64.ActiveCfg = Release|Any CPU
		{13ED8240-AF99-4A5F-A917-1FF025406997}.Release|x64.Build.0 = Release|Any CPU
		{13ED8240-AF99-4A5F-A917-1FF025406997}.Release|x86.ActiveCfg = Release|Any CPU
		{13ED8240-AF99-4A5F-A917-1FF025406997}.Release|x86.Build.0 = Release|Any CPU
		{EB294678-B1FE-41A9-B8B7-3E43AB67373A}.Debug|Any CPU.ActiveCfg = Debug|Any CPU
		{EB294678-B1FE-41A9-B8B7-3E43AB67373A}.Debug|Any CPU.Build.0 = Debug|Any CPU
		{EB294678-B1FE-41A9-B8B7-3E43AB67373A}.Debug|x64.ActiveCfg = Debug|Any CPU
		{EB294678-B1FE-41A9-B8B7-3E43AB67373A}.Debug|x64.Build.0 = Debug|Any CPU
		{EB294678-B1FE-41A9-B8B7-3E43AB67373A}.Debug|x86.ActiveCfg = Debug|Any CPU
		{EB294678-B1FE-41A9-B8B7-3E43AB67373A}.Debug|x86.Build.0 = Debug|Any CPU
		{EB294678-B1FE-41A9-B8B7-3E43AB67373A}.Release|Any CPU.ActiveCfg = Release|Any CPU
		{EB294678-B1FE-41A9-B8B7-3E43AB67373A}.Release|Any CPU.Build.0 = Release|Any CPU
		{EB294678-B1FE-41A9-B8B7-3E43AB67373A}.Release|x64.ActiveCfg = Release|Any CPU
		{EB294678-B1FE-41A9-B8B7-3E43AB67373A}.Release|x64.Build.0 = Release|Any CPU
		{EB294678-B1FE-41A9-B8B7-3E43AB67373A}.Release|x86.ActiveCfg = Release|Any CPU
		{EB294678-B1FE-41A9-B8B7-3E43AB67373A}.Release|x86.Build.0 = Release|Any CPU
		{9786D450-CE83-47BF-BD45-D75BE69C195A}.Debug|Any CPU.ActiveCfg = Debug|Any CPU
		{9786D450-CE83-47BF-BD45-D75BE69C195A}.Debug|Any CPU.Build.0 = Debug|Any CPU
		{9786D450-CE83-47BF-BD45-D75BE69C195A}.Debug|x64.ActiveCfg = Debug|Any CPU
		{9786D450-CE83-47BF-BD45-D75BE69C195A}.Debug|x64.Build.0 = Debug|Any CPU
		{9786D450-CE83-47BF-BD45-D75BE69C195A}.Debug|x86.ActiveCfg = Debug|Any CPU
		{9786D450-CE83-47BF-BD45-D75BE69C195A}.Debug|x86.Build.0 = Debug|Any CPU
		{9786D450-CE83-47BF-BD45-D75BE69C195A}.Release|Any CPU.ActiveCfg = Release|Any CPU
		{9786D450-CE83-47BF-BD45-D75BE69C195A}.Release|Any CPU.Build.0 = Release|Any CPU
		{9786D450-CE83-47BF-BD45-D75BE69C195A}.Release|x64.ActiveCfg = Release|Any CPU
		{9786D450-CE83-47BF-BD45-D75BE69C195A}.Release|x64.Build.0 = Release|Any CPU
		{9786D450-CE83-47BF-BD45-D75BE69C195A}.Release|x86.ActiveCfg = Release|Any CPU
		{9786D450-CE83-47BF-BD45-D75BE69C195A}.Release|x86.Build.0 = Release|Any CPU
	EndGlobalSection
	GlobalSection(SolutionProperties) = preSolution
		HideSolutionNode = FALSE
	EndGlobalSection
	GlobalSection(NestedProjects) = preSolution
		{13ED8240-AF99-4A5F-A917-1FF025406997} = {08292D65-3BED-49B6-88D8-F1E3F3197A1B}
		{EB294678-B1FE-41A9-B8B7-3E43AB67373A} = {08292D65-3BED-49B6-88D8-F1E3F3197A1B}
		{9786D450-CE83-47BF-BD45-D75BE69C195A} = {F80F8D8D-15FC-436B-9804-20BCB0ECA3EB}
	EndGlobalSection
	GlobalSection(ExtensibilityGlobals) = postSolution
		SolutionGuid = {3EF0B08E-4839-4701-A1D7-C153E391E8CB}
	EndGlobalSection
EndGlobal
