
Microsoft Visual Studio Solution File, Format Version 12.00
# Visual Studio Version 16
VisualStudioVersion = 16.0.30128.74
MinimumVisualStudioVersion = 15.0.26124.0
Project("{2150E333-8FDC-42A3-9474-1A3956D46DE8}") = "src", "src", "{3921EF5D-F645-4C25-90D7-AE717F701405}"
EndProject
Project("{2150E333-8FDC-42A3-9474-1A3956D46DE8}") = "test", "test", "{83B0C51E-9E8B-4ABF-8380-1DEB7FDF525B}"
EndProject
Project("{9A19103F-16F7-4668-BE54-9A1E7A4F7556}") = "NetCore.AutoSort.Test", "test\NetCore.AutoSort.Test.csproj", "{0789FC3E-2F4B-4857-A22B-4837B914F70A}"
EndProject
Project("{9A19103F-16F7-4668-BE54-9A1E7A4F7556}") = "NetCore.AutoSort", "src\NetCore.AutoSort\NetCore.AutoSort.csproj", "{B57784CD-DB65-499C-BAE6-DE6F1FAFD6E1}"
EndProject
Project("{9A19103F-16F7-4668-BE54-9A1E7A4F7556}") = "NetCore.AutoSort.Example", "src\NetCore.AutoSort.Example\NetCore.AutoSort.Example.csproj", "{1BF68CCE-530A-4579-846A-27EE8A156E86}"
EndProject
Global
	GlobalSection(SolutionConfigurationPlatforms) = preSolution
		Debug|Any CPU = Debug|Any CPU
		Release|Any CPU = Release|Any CPU
	EndGlobalSection
	GlobalSection(ProjectConfigurationPlatforms) = postSolution
		{0789FC3E-2F4B-4857-A22B-4837B914F70A}.Debug|Any CPU.ActiveCfg = Debug|Any CPU
		{0789FC3E-2F4B-4857-A22B-4837B914F70A}.Debug|Any CPU.Build.0 = Debug|Any CPU
		{0789FC3E-2F4B-4857-A22B-4837B914F70A}.Release|Any CPU.ActiveCfg = Release|Any CPU
		{0789FC3E-2F4B-4857-A22B-4837B914F70A}.Release|Any CPU.Build.0 = Release|Any CPU
		{B57784CD-DB65-499C-BAE6-DE6F1FAFD6E1}.Debug|Any CPU.ActiveCfg = Debug|Any CPU
		{B57784CD-DB65-499C-BAE6-DE6F1FAFD6E1}.Debug|Any CPU.Build.0 = Debug|Any CPU
		{B57784CD-DB65-499C-BAE6-DE6F1FAFD6E1}.Release|Any CPU.ActiveCfg = Release|Any CPU
		{B57784CD-DB65-499C-BAE6-DE6F1FAFD6E1}.Release|Any CPU.Build.0 = Release|Any CPU
		{1BF68CCE-530A-4579-846A-27EE8A156E86}.Debug|Any CPU.ActiveCfg = Debug|Any CPU
		{1BF68CCE-530A-4579-846A-27EE8A156E86}.Debug|Any CPU.Build.0 = Debug|Any CPU
		{1BF68CCE-530A-4579-846A-27EE8A156E86}.Release|Any CPU.ActiveCfg = Release|Any CPU
		{1BF68CCE-530A-4579-846A-27EE8A156E86}.Release|Any CPU.Build.0 = Release|Any CPU
	EndGlobalSection
	GlobalSection(SolutionProperties) = preSolution
		HideSolutionNode = FALSE
	EndGlobalSection
	GlobalSection(NestedProjects) = preSolution
		{0789FC3E-2F4B-4857-A22B-4837B914F70A} = {83B0C51E-9E8B-4ABF-8380-1DEB7FDF525B}
		{B57784CD-DB65-499C-BAE6-DE6F1FAFD6E1} = {3921EF5D-F645-4C25-90D7-AE717F701405}
		{1BF68CCE-530A-4579-846A-27EE8A156E86} = {3921EF5D-F645-4C25-90D7-AE717F701405}
	EndGlobalSection
	GlobalSection(ExtensibilityGlobals) = postSolution
		SolutionGuid = {A05578CD-5F85-4270-9E3B-EEF8916E007D}
	EndGlobalSection
EndGlobal
