
Microsoft Visual Studio Solution File, Format Version 12.00
# Visual Studio Version 16
VisualStudioVersion = 16.0.30128.74
MinimumVisualStudioVersion = 15.0.26124.0
Project("{2150E333-8FDC-42A3-9474-1A3956D46DE8}") = "src", "src", "{3921EF5D-F645-4C25-90D7-AE717F701405}"
EndProject
Project("{2150E333-8FDC-42A3-9474-1A3956D46DE8}") = "test", "test", "{83B0C51E-9E8B-4ABF-8380-1DEB7FDF525B}"
EndProject
Project("{9A19103F-16F7-4668-BE54-9A1E7A4F7556}") = "NetCore.AutoSort", "src\NetCore.AutoSort\NetCore.AutoSort.csproj", "{F3C077F9-4C37-4CA6-9165-63EC11BD9D24}"
EndProject
Project("{9A19103F-16F7-4668-BE54-9A1E7A4F7556}") = "NetCore.AutoSort.Example", "src\NetCore.AutoSort.Example\NetCore.AutoSort.Example.csproj", "{408DDF80-AF4C-44A5-81F9-65CCB92DC002}"
EndProject
Project("{9A19103F-16F7-4668-BE54-9A1E7A4F7556}") = "NetCore.AutoSort.Test", "test\NetCore.AutoSort.Test\NetCore.AutoSort.Test.csproj", "{5BBAC084-CC65-4FC2-8C52-96266F638F53}"
EndProject
Global
	GlobalSection(SolutionConfigurationPlatforms) = preSolution
		Debug|Any CPU = Debug|Any CPU
		Release|Any CPU = Release|Any CPU
	EndGlobalSection
	GlobalSection(ProjectConfigurationPlatforms) = postSolution
		{F3C077F9-4C37-4CA6-9165-63EC11BD9D24}.Debug|Any CPU.ActiveCfg = Debug|Any CPU
		{F3C077F9-4C37-4CA6-9165-63EC11BD9D24}.Debug|Any CPU.Build.0 = Debug|Any CPU
		{F3C077F9-4C37-4CA6-9165-63EC11BD9D24}.Release|Any CPU.ActiveCfg = Release|Any CPU
		{F3C077F9-4C37-4CA6-9165-63EC11BD9D24}.Release|Any CPU.Build.0 = Release|Any CPU
		{408DDF80-AF4C-44A5-81F9-65CCB92DC002}.Debug|Any CPU.ActiveCfg = Debug|Any CPU
		{408DDF80-AF4C-44A5-81F9-65CCB92DC002}.Debug|Any CPU.Build.0 = Debug|Any CPU
		{408DDF80-AF4C-44A5-81F9-65CCB92DC002}.Release|Any CPU.ActiveCfg = Release|Any CPU
		{408DDF80-AF4C-44A5-81F9-65CCB92DC002}.Release|Any CPU.Build.0 = Release|Any CPU
		{5BBAC084-CC65-4FC2-8C52-96266F638F53}.Debug|Any CPU.ActiveCfg = Debug|Any CPU
		{5BBAC084-CC65-4FC2-8C52-96266F638F53}.Debug|Any CPU.Build.0 = Debug|Any CPU
		{5BBAC084-CC65-4FC2-8C52-96266F638F53}.Release|Any CPU.ActiveCfg = Release|Any CPU
		{5BBAC084-CC65-4FC2-8C52-96266F638F53}.Release|Any CPU.Build.0 = Release|Any CPU
	EndGlobalSection
	GlobalSection(SolutionProperties) = preSolution
		HideSolutionNode = FALSE
	EndGlobalSection
	GlobalSection(NestedProjects) = preSolution
		{F3C077F9-4C37-4CA6-9165-63EC11BD9D24} = {3921EF5D-F645-4C25-90D7-AE717F701405}
		{408DDF80-AF4C-44A5-81F9-65CCB92DC002} = {3921EF5D-F645-4C25-90D7-AE717F701405}
		{5BBAC084-CC65-4FC2-8C52-96266F638F53} = {83B0C51E-9E8B-4ABF-8380-1DEB7FDF525B}
	EndGlobalSection
	GlobalSection(ExtensibilityGlobals) = postSolution
		SolutionGuid = {A05578CD-5F85-4270-9E3B-EEF8916E007D}
	EndGlobalSection
EndGlobal
